// !$*UTF8*$!
{
	archiveVersion = 1;
	classes = {
	};
	objectVersion = 46;
	objects = {

/* Begin PBXBuildFile section */
		61BB2B5815F9DB0800AA82CC /* UIKit.framework in Frameworks */ = {isa = PBXBuildFile; fileRef = 61BB2B5715F9DB0800AA82CC /* UIKit.framework */; };
		61BB2B5A15F9DB0800AA82CC /* Foundation.framework in Frameworks */ = {isa = PBXBuildFile; fileRef = 61BB2B5915F9DB0800AA82CC /* Foundation.framework */; };
		61BB2B5C15F9DB0800AA82CC /* CoreGraphics.framework in Frameworks */ = {isa = PBXBuildFile; fileRef = 61BB2B5B15F9DB0800AA82CC /* CoreGraphics.framework */; };
		61BB2B5E15F9DB0800AA82CC /* CoreData.framework in Frameworks */ = {isa = PBXBuildFile; fileRef = 61BB2B5D15F9DB0800AA82CC /* CoreData.framework */; };
		61BB2B6415F9DB0800AA82CC /* InfoPlist.strings in Resources */ = {isa = PBXBuildFile; fileRef = 61BB2B6215F9DB0800AA82CC /* InfoPlist.strings */; };
		61BB2B6615F9DB0800AA82CC /* main.m in Sources */ = {isa = PBXBuildFile; fileRef = 61BB2B6515F9DB0800AA82CC /* main.m */; };
		61BB2B6A15F9DB0800AA82CC /* AppDelegate.m in Sources */ = {isa = PBXBuildFile; fileRef = 61BB2B6915F9DB0800AA82CC /* AppDelegate.m */; };
		61BB2B6D15F9DB0800AA82CC /* iphoneduiai.xcdatamodeld in Sources */ = {isa = PBXBuildFile; fileRef = 61BB2B6B15F9DB0800AA82CC /* iphoneduiai.xcdatamodeld */; };
/* End PBXBuildFile section */

/* Begin PBXFileReference section */
		61BB2B5315F9DB0800AA82CC /* iphoneduiai.app */ = {isa = PBXFileReference; explicitFileType = wrapper.application; includeInIndex = 0; path = iphoneduiai.app; sourceTree = BUILT_PRODUCTS_DIR; };
		61BB2B5715F9DB0800AA82CC /* UIKit.framework */ = {isa = PBXFileReference; lastKnownFileType = wrapper.framework; name = UIKit.framework; path = System/Library/Frameworks/UIKit.framework; sourceTree = SDKROOT; };
		61BB2B5915F9DB0800AA82CC /* Foundation.framework */ = {isa = PBXFileReference; lastKnownFileType = wrapper.framework; name = Foundation.framework; path = System/Library/Frameworks/Foundation.framework; sourceTree = SDKROOT; };
		61BB2B5B15F9DB0800AA82CC /* CoreGraphics.framework */ = {isa = PBXFileReference; lastKnownFileType = wrapper.framework; name = CoreGraphics.framework; path = System/Library/Frameworks/CoreGraphics.framework; sourceTree = SDKROOT; };
		61BB2B5D15F9DB0800AA82CC /* CoreData.framework */ = {isa = PBXFileReference; lastKnownFileType = wrapper.framework; name = CoreData.framework; path = System/Library/Frameworks/CoreData.framework; sourceTree = SDKROOT; };
		61BB2B6115F9DB0800AA82CC /* iphoneduiai-Info.plist */ = {isa = PBXFileReference; lastKnownFileType = text.plist.xml; path = "iphoneduiai-Info.plist"; sourceTree = "<group>"; };
		61BB2B6315F9DB0800AA82CC /* en */ = {isa = PBXFileReference; lastKnownFileType = text.plist.strings; name = en; path = en.lproj/InfoPlist.strings; sourceTree = "<group>"; };
		61BB2B6515F9DB0800AA82CC /* main.m */ = {isa = PBXFileReference; lastKnownFileType = sourcecode.c.objc; path = main.m; sourceTree = "<group>"; };
		61BB2B6715F9DB0800AA82CC /* iphoneduiai-Prefix.pch */ = {isa = PBXFileReference; lastKnownFileType = sourcecode.c.h; path = "iphoneduiai-Prefix.pch"; sourceTree = "<group>"; };
		61BB2B6815F9DB0800AA82CC /* AppDelegate.h */ = {isa = PBXFileReference; lastKnownFileType = sourcecode.c.h; path = AppDelegate.h; sourceTree = "<group>"; };
		61BB2B6915F9DB0800AA82CC /* AppDelegate.m */ = {isa = PBXFileReference; lastKnownFileType = sourcecode.c.objc; path = AppDelegate.m; sourceTree = "<group>"; };
		61BB2B6C15F9DB0800AA82CC /* iphoneduiai.xcdatamodel */ = {isa = PBXFileReference; lastKnownFileType = wrapper.xcdatamodel; path = iphoneduiai.xcdatamodel; sourceTree = "<group>"; };
/* End PBXFileReference section */

/* Begin PBXFrameworksBuildPhase section */
		61BB2B5015F9DB0800AA82CC /* Frameworks */ = {
			isa = PBXFrameworksBuildPhase;
			buildActionMask = 2147483647;
			files = (
				61BB2B5815F9DB0800AA82CC /* UIKit.framework in Frameworks */,
				61BB2B5A15F9DB0800AA82CC /* Foundation.framework in Frameworks */,
				61BB2B5C15F9DB0800AA82CC /* CoreGraphics.framework in Frameworks */,
				61BB2B5E15F9DB0800AA82CC /* CoreData.framework in Frameworks */,
			);
			runOnlyForDeploymentPostprocessing = 0;
		};
/* End PBXFrameworksBuildPhase section */

/* Begin PBXGroup section */
		61BB2B4815F9DB0800AA82CC = {
			isa = PBXGroup;
			children = (
				61BB2B5F15F9DB0800AA82CC /* iphoneduiai */,
				61BB2B5615F9DB0800AA82CC /* Frameworks */,
				61BB2B5415F9DB0800AA82CC /* Products */,
			);
			sourceTree = "<group>";
		};
		61BB2B5415F9DB0800AA82CC /* Products */ = {
			isa = PBXGroup;
			children = (
				61BB2B5315F9DB0800AA82CC /* iphoneduiai.app */,
			);
			name = Products;
			sourceTree = "<group>";
		};
		61BB2B5615F9DB0800AA82CC /* Frameworks */ = {
			isa = PBXGroup;
			children = (
				61BB2B5715F9DB0800AA82CC /* UIKit.framework */,
				61BB2B5915F9DB0800AA82CC /* Foundation.framework */,
				61BB2B5B15F9DB0800AA82CC /* CoreGraphics.framework */,
				61BB2B5D15F9DB0800AA82CC /* CoreData.framework */,
			);
			name = Frameworks;
			sourceTree = "<group>";
		};
		61BB2B5F15F9DB0800AA82CC /* iphoneduiai */ = {
			isa = PBXGroup;
			children = (
				61BB2B6815F9DB0800AA82CC /* AppDelegate.h */,
				61BB2B6915F9DB0800AA82CC /* AppDelegate.m */,
				61BB2B6B15F9DB0800AA82CC /* iphoneduiai.xcdatamodeld */,
				61BB2B6015F9DB0800AA82CC /* Supporting Files */,
			);
			path = iphoneduiai;
			sourceTree = "<group>";
		};
		61BB2B6015F9DB0800AA82CC /* Supporting Files */ = {
			isa = PBXGroup;
			children = (
				61BB2B6115F9DB0800AA82CC /* iphoneduiai-Info.plist */,
				61BB2B6215F9DB0800AA82CC /* InfoPlist.strings */,
				61BB2B6515F9DB0800AA82CC /* main.m */,
				61BB2B6715F9DB0800AA82CC /* iphoneduiai-Prefix.pch */,
			);
			name = "Supporting Files";
			sourceTree = "<group>";
		};
/* End PBXGroup section */

/* Begin PBXNativeTarget section */
		61BB2B5215F9DB0800AA82CC /* iphoneduiai */ = {
			isa = PBXNativeTarget;
			buildConfigurationList = 61BB2B7015F9DB0800AA82CC /* Build configuration list for PBXNativeTarget "iphoneduiai" */;
			buildPhases = (
				61BB2B4F15F9DB0800AA82CC /* Sources */,
				61BB2B5015F9DB0800AA82CC /* Frameworks */,
				61BB2B5115F9DB0800AA82CC /* Resources */,
			);
			buildRules = (
			);
			dependencies = (
			);
			name = iphoneduiai;
			productName = iphoneduiai;
			productReference = 61BB2B5315F9DB0800AA82CC /* iphoneduiai.app */;
			productType = "com.apple.product-type.application";
		};
/* End PBXNativeTarget section */

/* Begin PBXProject section */
		61BB2B4A15F9DB0800AA82CC /* Project object */ = {
			isa = PBXProject;
			attributes = {
				LastUpgradeCheck = 0440;
				ORGANIZATIONNAME = duiai.com;
			};
			buildConfigurationList = 61BB2B4D15F9DB0800AA82CC /* Build configuration list for PBXProject "iphoneduiai" */;
			compatibilityVersion = "Xcode 3.2";
			developmentRegion = English;
			hasScannedForEncodings = 0;
			knownRegions = (
				en,
			);
			mainGroup = 61BB2B4815F9DB0800AA82CC;
			productRefGroup = 61BB2B5415F9DB0800AA82CC /* Products */;
			projectDirPath = "";
			projectRoot = "";
			targets = (
				61BB2B5215F9DB0800AA82CC /* iphoneduiai */,
			);
		};
/* End PBXProject section */

/* Begin PBXResourcesBuildPhase section */
		61BB2B5115F9DB0800AA82CC /* Resources */ = {
			isa = PBXResourcesBuildPhase;
			buildActionMask = 2147483647;
			files = (
				61BB2B6415F9DB0800AA82CC /* InfoPlist.strings in Resources */,
			);
			runOnlyForDeploymentPostprocessing = 0;
		};
/* End PBXResourcesBuildPhase section */

/* Begin PBXSourcesBuildPhase section */
		61BB2B4F15F9DB0800AA82CC /* Sources */ = {
			isa = PBXSourcesBuildPhase;
			buildActionMask = 2147483647;
			files = (
				61BB2B6615F9DB0800AA82CC /* main.m in Sources */,
				61BB2B6A15F9DB0800AA82CC /* AppDelegate.m in Sources */,
				61BB2B6D15F9DB0800AA82CC /* iphoneduiai.xcdatamodeld in Sources */,
			);
			runOnlyForDeploymentPostprocessing = 0;
		};
/* End PBXSourcesBuildPhase section */

/* Begin PBXVariantGroup section */
		61BB2B6215F9DB0800AA82CC /* InfoPlist.strings */ = {
			isa = PBXVariantGroup;
			children = (
				61BB2B6315F9DB0800AA82CC /* en */,
			);
			name = InfoPlist.strings;
			sourceTree = "<group>";
		};
/* End PBXVariantGroup section */

/* Begin XCBuildConfiguration section */
		61BB2B6E15F9DB0800AA82CC /* Debug */ = {
			isa = XCBuildConfiguration;
			buildSettings = {
				ALWAYS_SEARCH_USER_PATHS = NO;
				ARCHS = "$(ARCHS_STANDARD_32_BIT)";
				CLANG_CXX_LANGUAGE_STANDARD = "gnu++0x";
				CLANG_WARN__DUPLICATE_METHOD_MATCH = YES;
				"CODE_SIGN_IDENTITY[sdk=iphoneos*]" = "iPhone Developer";
				COPY_PHASE_STRIP = NO;
				GCC_C_LANGUAGE_STANDARD = gnu99;
				GCC_DYNAMIC_NO_PIC = NO;
				GCC_OPTIMIZATION_LEVEL = 0;
				GCC_PREPROCESSOR_DEFINITIONS = (
					"DEBUG=1",
					"$(inherited)",
				);
				GCC_SYMBOLS_PRIVATE_EXTERN = NO;
				GCC_VERSION = com.apple.compilers.llvm.clang.1_0;
				GCC_WARN_ABOUT_RETURN_TYPE = YES;
				GCC_WARN_UNINITIALIZED_AUTOS = YES;
				GCC_WARN_UNUSED_VARIABLE = YES;
				IPHONEOS_DEPLOYMENT_TARGET = 5.1;
				SDKROOT = iphoneos;
			};
			name = Debug;
		};
		61BB2B6F15F9DB0800AA82CC /* Release */ = {
			isa = XCBuildConfiguration;
			buildSettings = {
				ALWAYS_SEARCH_USER_PATHS = NO;
				ARCHS = "$(ARCHS_STANDARD_32_BIT)";
				CLANG_CXX_LANGUAGE_STANDARD = "gnu++0x";
				CLANG_WARN__DUPLICATE_METHOD_MATCH = YES;
				"CODE_SIGN_IDENTITY[sdk=iphoneos*]" = "iPhone Developer";
				COPY_PHASE_STRIP = YES;
				GCC_C_LANGUAGE_STANDARD = gnu99;
				GCC_VERSION = com.apple.compilers.llvm.clang.1_0;
				GCC_WARN_ABOUT_RETURN_TYPE = YES;
				GCC_WARN_UNINITIALIZED_AUTOS = YES;
				GCC_WARN_UNUSED_VARIABLE = YES;
				IPHONEOS_DEPLOYMENT_TARGET = 5.1;
				OTHER_CFLAGS = "-DNS_BLOCK_ASSERTIONS=1";
				SDKROOT = iphoneos;
				VALIDATE_PRODUCT = YES;
			};
			name = Release;
		};
		61BB2B7115F9DB0800AA82CC /* Debug */ = {
			isa = XCBuildConfiguration;
			buildSettings = {
				GCC_PRECOMPILE_PREFIX_HEADER = YES;
				GCC_PREFIX_HEADER = "iphoneduiai/iphoneduiai-Prefix.pch";
				INFOPLIST_FILE = "iphoneduiai/iphoneduiai-Info.plist";
				PRODUCT_NAME = "$(TARGET_NAME)";
				WRAPPER_EXTENSION = app;
			};
			name = Debug;
		};
		61BB2B7215F9DB0800AA82CC /* Release */ = {
			isa = XCBuildConfiguration;
			buildSettings = {
				GCC_PRECOMPILE_PREFIX_HEADER = YES;
				GCC_PREFIX_HEADER = "iphoneduiai/iphoneduiai-Prefix.pch";
				INFOPLIST_FILE = "iphoneduiai/iphoneduiai-Info.plist";
				PRODUCT_NAME = "$(TARGET_NAME)";
				WRAPPER_EXTENSION = app;
			};
			name = Release;
		};
/* End XCBuildConfiguration section */

/* Begin XCConfigurationList section */
		61BB2B4D15F9DB0800AA82CC /* Build configuration list for PBXProject "iphoneduiai" */ = {
			isa = XCConfigurationList;
			buildConfigurations = (
				61BB2B6E15F9DB0800AA82CC /* Debug */,
				61BB2B6F15F9DB0800AA82CC /* Release */,
			);
			defaultConfigurationIsVisible = 0;
			defaultConfigurationName = Release;
		};
		61BB2B7015F9DB0800AA82CC /* Build configuration list for PBXNativeTarget "iphoneduiai" */ = {
			isa = XCConfigurationList;
			buildConfigurations = (
				61BB2B7115F9DB0800AA82CC /* Debug */,
				61BB2B7215F9DB0800AA82CC /* Release */,
			);
			defaultConfigurationIsVisible = 0;
		};
/* End XCConfigurationList section */

/* Begin XCVersionGroup section */
		61BB2B6B15F9DB0800AA82CC /* iphoneduiai.xcdatamodeld */ = {
			isa = XCVersionGroup;
			children = (
				61BB2B6C15F9DB0800AA82CC /* iphoneduiai.xcdatamodel */,
			);
			currentVersion = 61BB2B6C15F9DB0800AA82CC /* iphoneduiai.xcdatamodel */;
			path = iphoneduiai.xcdatamodeld;
			sourceTree = "<group>";
			versionGroupType = wrapper.xcdatamodel;
		};
/* End XCVersionGroup section */
	};
	rootObject = 61BB2B4A15F9DB0800AA82CC /* Project object */;
}
